
Microsoft Visual Studio Solution File, Format Version 12.00
# Visual Studio 15
VisualStudioVersion = 15.0.28307.645
MinimumVisualStudioVersion = 10.0.40219.1
Project("{FAE04EC0-301F-11D3-BF4B-00C04F79EFBC}") = "exer00", "Test\exer00.csproj", "{E2AA1F2E-DA6C-48E4-95C2-8E81185EDF1B}"
EndProject
Global
	GlobalSection(SolutionConfigurationPlatforms) = preSolution
		Debug|Any CPU = Debug|Any CPU
		Release|Any CPU = Release|Any CPU
	EndGlobalSection
	GlobalSection(ProjectConfigurationPlatforms) = postSolution
		{E2AA1F2E-DA6C-48E4-95C2-8E81185EDF1B}.Debug|Any CPU.ActiveCfg = Debug|Any CPU
		{E2AA1F2E-DA6C-48E4-95C2-8E81185EDF1B}.Debug|Any CPU.Build.0 = Debug|Any CPU
		{E2AA1F2E-DA6C-48E4-95C2-8E81185EDF1B}.Release|Any CPU.ActiveCfg = Release|Any CPU
		{E2AA1F2E-DA6C-48E4-95C2-8E81185EDF1B}.Release|Any CPU.Build.0 = Release|Any CPU
	EndGlobalSection
	GlobalSection(SolutionProperties) = preSolution
		HideSolutionNode = FALSE
	EndGlobalSection
	GlobalSection(ExtensibilityGlobals) = postSolution
		SolutionGuid = {E23219AC-4BD7-4AED-8088-A519805D05F3}
	EndGlobalSection
EndGlobal
