
Microsoft Visual Studio Solution File, Format Version 12.00
# Visual Studio 15
VisualStudioVersion = 15.0.28307.645
MinimumVisualStudioVersion = 10.0.40219.1
Project("{FAE04EC0-301F-11D3-BF4B-00C04F79EFBC}") = "exer00_2", "exer00_2\exer00_2.csproj", "{7F0365F1-6FF9-46C7-BC80-773142C7700E}"
EndProject
Global
	GlobalSection(SolutionConfigurationPlatforms) = preSolution
		Debug|Any CPU = Debug|Any CPU
		Release|Any CPU = Release|Any CPU
	EndGlobalSection
	GlobalSection(ProjectConfigurationPlatforms) = postSolution
		{7F0365F1-6FF9-46C7-BC80-773142C7700E}.Debug|Any CPU.ActiveCfg = Debug|Any CPU
		{7F0365F1-6FF9-46C7-BC80-773142C7700E}.Debug|Any CPU.Build.0 = Debug|Any CPU
		{7F0365F1-6FF9-46C7-BC80-773142C7700E}.Release|Any CPU.ActiveCfg = Release|Any CPU
		{7F0365F1-6FF9-46C7-BC80-773142C7700E}.Release|Any CPU.Build.0 = Release|Any CPU
	EndGlobalSection
	GlobalSection(SolutionProperties) = preSolution
		HideSolutionNode = FALSE
	EndGlobalSection
	GlobalSection(ExtensibilityGlobals) = postSolution
		SolutionGuid = {A3EF3ACA-7631-4731-9F65-0D048A8DC931}
	EndGlobalSection
EndGlobal
